
Microsoft Visual Studio Solution File, Format Version 12.00
# Visual Studio Version 17
VisualStudioVersion = 17.11.35222.181
MinimumVisualStudioVersion = 10.0.40219.1
Project("{FAE04EC0-301F-11D3-BF4B-00C04F79EFBC}") = "ControlFlowAndIterations", "ControlFlowAndIterations.csproj", "{DB9E5720-113F-432B-9D51-BAE7DB345FAB}"
EndProject
Global
	GlobalSection(SolutionConfigurationPlatforms) = preSolution
		Debug|Any CPU = Debug|Any CPU
		Release|Any CPU = Release|Any CPU
	EndGlobalSection
	GlobalSection(ProjectConfigurationPlatforms) = postSolution
		{DB9E5720-113F-432B-9D51-BAE7DB345FAB}.Debug|Any CPU.ActiveCfg = Debug|Any CPU
		{DB9E5720-113F-432B-9D51-BAE7DB345FAB}.Debug|Any CPU.Build.0 = Debug|Any CPU
		{DB9E5720-113F-432B-9D51-BAE7DB345FAB}.Release|Any CPU.ActiveCfg = Release|Any CPU
		{DB9E5720-113F-432B-9D51-BAE7DB345FAB}.Release|Any CPU.Build.0 = Release|Any CPU
	EndGlobalSection
	GlobalSection(SolutionProperties) = preSolution
		HideSolutionNode = FALSE
	EndGlobalSection
	GlobalSection(ExtensibilityGlobals) = postSolution
		SolutionGuid = {CD666B19-AB60-463C-A452-6551A3510F2C}
	EndGlobalSection
EndGlobal
