
Microsoft Visual Studio Solution File, Format Version 12.00
# Visual Studio Version 17
VisualStudioVersion = 17.11.35222.181
MinimumVisualStudioVersion = 10.0.40219.1
Project("{FAE04EC0-301F-11D3-BF4B-00C04F79EFBC}") = "FilesAndExceptions", "FilesAndExceptions.csproj", "{6AE057EE-E10D-4B03-B547-3D4BB047B658}"
EndProject
Global
	GlobalSection(SolutionConfigurationPlatforms) = preSolution
		Debug|Any CPU = Debug|Any CPU
		Release|Any CPU = Release|Any CPU
	EndGlobalSection
	GlobalSection(ProjectConfigurationPlatforms) = postSolution
		{6AE057EE-E10D-4B03-B547-3D4BB047B658}.Debug|Any CPU.ActiveCfg = Debug|Any CPU
		{6AE057EE-E10D-4B03-B547-3D4BB047B658}.Debug|Any CPU.Build.0 = Debug|Any CPU
		{6AE057EE-E10D-4B03-B547-3D4BB047B658}.Release|Any CPU.ActiveCfg = Release|Any CPU
		{6AE057EE-E10D-4B03-B547-3D4BB047B658}.Release|Any CPU.Build.0 = Release|Any CPU
	EndGlobalSection
	GlobalSection(SolutionProperties) = preSolution
		HideSolutionNode = FALSE
	EndGlobalSection
	GlobalSection(ExtensibilityGlobals) = postSolution
		SolutionGuid = {E6CE646C-4A80-4509-89E8-B7F2EFCA0BB9}
	EndGlobalSection
EndGlobal
